
Microsoft Visual Studio Solution File, Format Version 12.00
# Visual Studio Version 17
VisualStudioVersion = 17.9.34728.123
MinimumVisualStudioVersion = 10.0.40219.1
Project("{9A19103F-16F7-4668-BE54-9A1E7A4F7556}") = "SdcP", "SdcP\SdcP.csproj", "{760BD8E6-3D10-402B-A392-220EC4A25438}"
EndProject
Project("{9A19103F-16F7-4668-BE54-9A1E7A4F7556}") = "BL.CSD", "BL.CSD\BL.CSD.csproj", "{F6F7A4DA-0A41-4D03-BD35-2435772E91DD}"
EndProject
Project("{9A19103F-16F7-4668-BE54-9A1E7A4F7556}") = "DL.SDC", "DL.SDC\DL.SDC.csproj", "{868A2B2A-9891-4E4B-948E-9D463115CD49}"
EndProject
Project("{9A19103F-16F7-4668-BE54-9A1E7A4F7556}") = "DTO", "DTO\DTO.csproj", "{3266F25F-3169-4523-A482-41A46896827A}"
EndProject
Global
	GlobalSection(SolutionConfigurationPlatforms) = preSolution
		Debug|Any CPU = Debug|Any CPU
		Release|Any CPU = Release|Any CPU
	EndGlobalSection
	GlobalSection(ProjectConfigurationPlatforms) = postSolution
		{760BD8E6-3D10-402B-A392-220EC4A25438}.Debug|Any CPU.ActiveCfg = Debug|Any CPU
		{760BD8E6-3D10-402B-A392-220EC4A25438}.Debug|Any CPU.Build.0 = Debug|Any CPU
		{760BD8E6-3D10-402B-A392-220EC4A25438}.Release|Any CPU.ActiveCfg = Release|Any CPU
		{760BD8E6-3D10-402B-A392-220EC4A25438}.Release|Any CPU.Build.0 = Release|Any CPU
		{F6F7A4DA-0A41-4D03-BD35-2435772E91DD}.Debug|Any CPU.ActiveCfg = Debug|Any CPU
		{F6F7A4DA-0A41-4D03-BD35-2435772E91DD}.Debug|Any CPU.Build.0 = Debug|Any CPU
		{F6F7A4DA-0A41-4D03-BD35-2435772E91DD}.Release|Any CPU.ActiveCfg = Release|Any CPU
		{F6F7A4DA-0A41-4D03-BD35-2435772E91DD}.Release|Any CPU.Build.0 = Release|Any CPU
		{868A2B2A-9891-4E4B-948E-9D463115CD49}.Debug|Any CPU.ActiveCfg = Debug|Any CPU
		{868A2B2A-9891-4E4B-948E-9D463115CD49}.Debug|Any CPU.Build.0 = Debug|Any CPU
		{868A2B2A-9891-4E4B-948E-9D463115CD49}.Release|Any CPU.ActiveCfg = Release|Any CPU
		{868A2B2A-9891-4E4B-948E-9D463115CD49}.Release|Any CPU.Build.0 = Release|Any CPU
		{3266F25F-3169-4523-A482-41A46896827A}.Debug|Any CPU.ActiveCfg = Debug|Any CPU
		{3266F25F-3169-4523-A482-41A46896827A}.Debug|Any CPU.Build.0 = Debug|Any CPU
		{3266F25F-3169-4523-A482-41A46896827A}.Release|Any CPU.ActiveCfg = Release|Any CPU
		{3266F25F-3169-4523-A482-41A46896827A}.Release|Any CPU.Build.0 = Release|Any CPU
	EndGlobalSection
	GlobalSection(SolutionProperties) = preSolution
		HideSolutionNode = FALSE
	EndGlobalSection
	GlobalSection(ExtensibilityGlobals) = postSolution
		SolutionGuid = {4A0C0275-5539-4856-A49C-B49038060C4F}
	EndGlobalSection
EndGlobal
